
Microsoft Visual Studio Solution File, Format Version 12.00
# Visual Studio Version 16
VisualStudioVersion = 16.0.30611.23
MinimumVisualStudioVersion = 10.0.40219.1
Project("{FAE04EC0-301F-11D3-BF4B-00C04F79EFBC}") = "Projeto-test", "Projeto-test\Projeto-test.csproj", "{472E1B81-430A-46C4-B3C8-1FA76024E72E}"
EndProject
Global
	GlobalSection(SolutionConfigurationPlatforms) = preSolution
		Debug|Any CPU = Debug|Any CPU
		Release|Any CPU = Release|Any CPU
	EndGlobalSection
	GlobalSection(ProjectConfigurationPlatforms) = postSolution
		{472E1B81-430A-46C4-B3C8-1FA76024E72E}.Debug|Any CPU.ActiveCfg = Debug|Any CPU
		{472E1B81-430A-46C4-B3C8-1FA76024E72E}.Debug|Any CPU.Build.0 = Debug|Any CPU
		{472E1B81-430A-46C4-B3C8-1FA76024E72E}.Release|Any CPU.ActiveCfg = Release|Any CPU
		{472E1B81-430A-46C4-B3C8-1FA76024E72E}.Release|Any CPU.Build.0 = Release|Any CPU
	EndGlobalSection
	GlobalSection(SolutionProperties) = preSolution
		HideSolutionNode = FALSE
	EndGlobalSection
	GlobalSection(ExtensibilityGlobals) = postSolution
		SolutionGuid = {E9F2A50E-0FCA-4286-A602-CEB329CADE60}
	EndGlobalSection
EndGlobal
